
Microsoft Visual Studio Solution File, Format Version 12.00
# Visual Studio 15
VisualStudioVersion = 15.0.26730.3
MinimumVisualStudioVersion = 10.0.40219.1
Project("{FAE04EC0-301F-11D3-BF4B-00C04F79EFBC}") = "NetDude", "netDude\NetDude.csproj", "{30B4C713-A07F-4226-90A1-2CB6B6A4E28C}"
EndProject
Global
	GlobalSection(SolutionConfigurationPlatforms) = preSolution
		Debug|Any CPU = Debug|Any CPU
		Release|Any CPU = Release|Any CPU
	EndGlobalSection
	GlobalSection(ProjectConfigurationPlatforms) = postSolution
		{30B4C713-A07F-4226-90A1-2CB6B6A4E28C}.Debug|Any CPU.ActiveCfg = Debug|Any CPU
		{30B4C713-A07F-4226-90A1-2CB6B6A4E28C}.Debug|Any CPU.Build.0 = Debug|Any CPU
		{30B4C713-A07F-4226-90A1-2CB6B6A4E28C}.Release|Any CPU.ActiveCfg = Release|Any CPU
		{30B4C713-A07F-4226-90A1-2CB6B6A4E28C}.Release|Any CPU.Build.0 = Release|Any CPU
	EndGlobalSection
	GlobalSection(SolutionProperties) = preSolution
		HideSolutionNode = FALSE
	EndGlobalSection
	GlobalSection(ExtensibilityGlobals) = postSolution
		SolutionGuid = {2BD7EE74-159B-4F87-A9E4-7E26DAAD9997}
	EndGlobalSection
EndGlobal
